// !$*UTF8*$!
{
	archiveVersion = 1;
	classes = {
	};
	objectVersion = 77;
	objects = {

/* Begin PBXBuildFile section */
		B3295E982EC0B2E800F40393 /* Assets.xcassets in Resources */ = {isa = PBXBuildFile; fileRef = B3295E972EC0B2E800F40393 /* Assets.xcassets */; };
		B3295ED12EC1132C00F40393 /* Logger in Frameworks */ = {isa = PBXBuildFile; productRef = B3295ED02EC1132C00F40393 /* Logger */; };
		B357EBE22EC1F36B002E9FED /* Swinject in Frameworks */ = {isa = PBXBuildFile; productRef = B357EBE12EC1F36B002E9FED /* Swinject */; };
		B37A7BC22EC1E667007BC5D8 /* APIClient in Frameworks */ = {isa = PBXBuildFile; productRef = B37A7BC12EC1E667007BC5D8 /* APIClient */; };
/* End PBXBuildFile section */

/* Begin PBXContainerItemProxy section */
		B3295E9E2EC0B2E800F40393 /* PBXContainerItemProxy */ = {
			isa = PBXContainerItemProxy;
			containerPortal = B3295E882EC0B2E400F40393 /* Project object */;
			proxyType = 1;
			remoteGlobalIDString = B3295E8F2EC0B2E400F40393;
			remoteInfo = Scratcher;
		};
		B3295EA82EC0B2E800F40393 /* PBXContainerItemProxy */ = {
			isa = PBXContainerItemProxy;
			containerPortal = B3295E882EC0B2E400F40393 /* Project object */;
			proxyType = 1;
			remoteGlobalIDString = B3295E8F2EC0B2E400F40393;
			remoteInfo = Scratcher;
		};
/* End PBXContainerItemProxy section */

/* Begin PBXFileReference section */
		B3295E902EC0B2E400F40393 /* Scratcher.app */ = {isa = PBXFileReference; explicitFileType = wrapper.application; includeInIndex = 0; path = Scratcher.app; sourceTree = BUILT_PRODUCTS_DIR; };
		B3295E972EC0B2E800F40393 /* Assets.xcassets */ = {isa = PBXFileReference; lastKnownFileType = folder.assetcatalog; path = Assets.xcassets; sourceTree = "<group>"; };
		B3295E9D2EC0B2E800F40393 /* ScratcherTests.xctest */ = {isa = PBXFileReference; explicitFileType = wrapper.cfbundle; includeInIndex = 0; path = ScratcherTests.xctest; sourceTree = BUILT_PRODUCTS_DIR; };
		B3295EA72EC0B2E800F40393 /* ScratcherUITests.xctest */ = {isa = PBXFileReference; explicitFileType = wrapper.cfbundle; includeInIndex = 0; path = ScratcherUITests.xctest; sourceTree = BUILT_PRODUCTS_DIR; };
		B3295ECE2EC1121200F40393 /* Logger */ = {isa = PBXFileReference; lastKnownFileType = wrapper; name = Logger; path = Packages/Logger; sourceTree = "<group>"; };
		B37A7BC02EC1E60F007BC5D8 /* APIClient */ = {isa = PBXFileReference; lastKnownFileType = wrapper; name = APIClient; path = Packages/APIClient; sourceTree = "<group>"; };
/* End PBXFileReference section */

/* Begin PBXFileSystemSynchronizedRootGroup section */
		B3295E922EC0B2E400F40393 /* Scratcher */ = {
			isa = PBXFileSystemSynchronizedRootGroup;
			path = Scratcher;
			sourceTree = "<group>";
		};
		B3295EA02EC0B2E800F40393 /* ScratcherTests */ = {
			isa = PBXFileSystemSynchronizedRootGroup;
			path = ScratcherTests;
			sourceTree = "<group>";
		};
		B3295EAA2EC0B2E800F40393 /* ScratcherUITests */ = {
			isa = PBXFileSystemSynchronizedRootGroup;
			path = ScratcherUITests;
			sourceTree = "<group>";
		};
/* End PBXFileSystemSynchronizedRootGroup section */

/* Begin PBXFrameworksBuildPhase section */
		B3295E8D2EC0B2E400F40393 /* Frameworks */ = {
			isa = PBXFrameworksBuildPhase;
			buildActionMask = 2147483647;
			files = (
				B37A7BC22EC1E667007BC5D8 /* APIClient in Frameworks */,
				B3295ED12EC1132C00F40393 /* Logger in Frameworks */,
				B357EBE22EC1F36B002E9FED /* Swinject in Frameworks */,
			);
			runOnlyForDeploymentPostprocessing = 0;
		};
		B3295E9A2EC0B2E800F40393 /* Frameworks */ = {
			isa = PBXFrameworksBuildPhase;
			buildActionMask = 2147483647;
			files = (
			);
			runOnlyForDeploymentPostprocessing = 0;
		};
		B3295EA42EC0B2E800F40393 /* Frameworks */ = {
			isa = PBXFrameworksBuildPhase;
			buildActionMask = 2147483647;
			files = (
			);
			runOnlyForDeploymentPostprocessing = 0;
		};
/* End PBXFrameworksBuildPhase section */

/* Begin PBXGroup section */
		B3295E872EC0B2E400F40393 = {
			isa = PBXGroup;
			children = (
				B3295E922EC0B2E400F40393 /* Scratcher */,
				B3295E972EC0B2E800F40393 /* Assets.xcassets */,
				B3295EA02EC0B2E800F40393 /* ScratcherTests */,
				B3295EAA2EC0B2E800F40393 /* ScratcherUITests */,
				B3295ECF2EC1132C00F40393 /* Frameworks */,
				B3295E912EC0B2E400F40393 /* Products */,
			);
			sourceTree = "<group>";
		};
		B3295E912EC0B2E400F40393 /* Products */ = {
			isa = PBXGroup;
			children = (
				B3295E902EC0B2E400F40393 /* Scratcher.app */,
				B3295E9D2EC0B2E800F40393 /* ScratcherTests.xctest */,
				B3295EA72EC0B2E800F40393 /* ScratcherUITests.xctest */,
			);
			name = Products;
			sourceTree = "<group>";
		};
		B3295ECF2EC1132C00F40393 /* Frameworks */ = {
			isa = PBXGroup;
			children = (
				B3295ECE2EC1121200F40393 /* Logger */,
				B37A7BC02EC1E60F007BC5D8 /* APIClient */,
			);
			name = Frameworks;
			sourceTree = "<group>";
		};
/* End PBXGroup section */

/* Begin PBXNativeTarget section */
		B3295E8F2EC0B2E400F40393 /* Scratcher */ = {
			isa = PBXNativeTarget;
			buildConfigurationList = B3295EB12EC0B2E800F40393 /* Build configuration list for PBXNativeTarget "Scratcher" */;
			buildPhases = (
				B3295E8C2EC0B2E400F40393 /* Sources */,
				B3295E8D2EC0B2E400F40393 /* Frameworks */,
				B3295E8E2EC0B2E400F40393 /* Resources */,
			);
			buildRules = (
			);
			dependencies = (
			);
			fileSystemSynchronizedGroups = (
				B3295E922EC0B2E400F40393 /* Scratcher */,
			);
			name = Scratcher;
			packageProductDependencies = (
				B3295ED02EC1132C00F40393 /* Logger */,
				B37A7BC12EC1E667007BC5D8 /* APIClient */,
				B357EBE12EC1F36B002E9FED /* Swinject */,
			);
			productName = Scratcher;
			productReference = B3295E902EC0B2E400F40393 /* Scratcher.app */;
			productType = "com.apple.product-type.application";
		};
		B3295E9C2EC0B2E800F40393 /* ScratcherTests */ = {
			isa = PBXNativeTarget;
			buildConfigurationList = B3295EB42EC0B2E800F40393 /* Build configuration list for PBXNativeTarget "ScratcherTests" */;
			buildPhases = (
				B3295E992EC0B2E800F40393 /* Sources */,
				B3295E9A2EC0B2E800F40393 /* Frameworks */,
				B3295E9B2EC0B2E800F40393 /* Resources */,
			);
			buildRules = (
			);
			dependencies = (
				B3295E9F2EC0B2E800F40393 /* PBXTargetDependency */,
			);
			fileSystemSynchronizedGroups = (
				B3295EA02EC0B2E800F40393 /* ScratcherTests */,
			);
			name = ScratcherTests;
			packageProductDependencies = (
			);
			productName = ScratcherTests;
			productReference = B3295E9D2EC0B2E800F40393 /* ScratcherTests.xctest */;
			productType = "com.apple.product-type.bundle.unit-test";
		};
		B3295EA62EC0B2E800F40393 /* ScratcherUITests */ = {
			isa = PBXNativeTarget;
			buildConfigurationList = B3295EB72EC0B2E800F40393 /* Build configuration list for PBXNativeTarget "ScratcherUITests" */;
			buildPhases = (
				B3295EA32EC0B2E800F40393 /* Sources */,
				B3295EA42EC0B2E800F40393 /* Frameworks */,
				B3295EA52EC0B2E800F40393 /* Resources */,
			);
			buildRules = (
			);
			dependencies = (
				B3295EA92EC0B2E800F40393 /* PBXTargetDependency */,
			);
			fileSystemSynchronizedGroups = (
				B3295EAA2EC0B2E800F40393 /* ScratcherUITests */,
			);
			name = ScratcherUITests;
			packageProductDependencies = (
			);
			productName = ScratcherUITests;
			productReference = B3295EA72EC0B2E800F40393 /* ScratcherUITests.xctest */;
			productType = "com.apple.product-type.bundle.ui-testing";
		};
/* End PBXNativeTarget section */

/* Begin PBXProject section */
		B3295E882EC0B2E400F40393 /* Project object */ = {
			isa = PBXProject;
			attributes = {
				BuildIndependentTargetsInParallel = 1;
				LastSwiftUpdateCheck = 2600;
				LastUpgradeCheck = 2600;
				TargetAttributes = {
					B3295E8F2EC0B2E400F40393 = {
						CreatedOnToolsVersion = 26.0;
					};
					B3295E9C2EC0B2E800F40393 = {
						CreatedOnToolsVersion = 26.0;
						TestTargetID = B3295E8F2EC0B2E400F40393;
					};
					B3295EA62EC0B2E800F40393 = {
						CreatedOnToolsVersion = 26.0;
						TestTargetID = B3295E8F2EC0B2E400F40393;
					};
				};
			};
			buildConfigurationList = B3295E8B2EC0B2E400F40393 /* Build configuration list for PBXProject "Scratcher" */;
			developmentRegion = en;
			hasScannedForEncodings = 0;
			knownRegions = (
				en,
				Base,
			);
			mainGroup = B3295E872EC0B2E400F40393;
			minimizedProjectReferenceProxies = 1;
			packageReferences = (
				B357EBE02EC1F36B002E9FED /* XCRemoteSwiftPackageReference "Swinject" */,
			);
			preferredProjectObjectVersion = 77;
			productRefGroup = B3295E912EC0B2E400F40393 /* Products */;
			projectDirPath = "";
			projectRoot = "";
			targets = (
				B3295E8F2EC0B2E400F40393 /* Scratcher */,
				B3295E9C2EC0B2E800F40393 /* ScratcherTests */,
				B3295EA62EC0B2E800F40393 /* ScratcherUITests */,
			);
		};
/* End PBXProject section */

/* Begin PBXResourcesBuildPhase section */
		B3295E8E2EC0B2E400F40393 /* Resources */ = {
			isa = PBXResourcesBuildPhase;
			buildActionMask = 2147483647;
			files = (
				B3295E982EC0B2E800F40393 /* Assets.xcassets in Resources */,
			);
			runOnlyForDeploymentPostprocessing = 0;
		};
		B3295E9B2EC0B2E800F40393 /* Resources */ = {
			isa = PBXResourcesBuildPhase;
			buildActionMask = 2147483647;
			files = (
			);
			runOnlyForDeploymentPostprocessing = 0;
		};
		B3295EA52EC0B2E800F40393 /* Resources */ = {
			isa = PBXResourcesBuildPhase;
			buildActionMask = 2147483647;
			files = (
			);
			runOnlyForDeploymentPostprocessing = 0;
		};
/* End PBXResourcesBuildPhase section */

/* Begin PBXSourcesBuildPhase section */
		B3295E8C2EC0B2E400F40393 /* Sources */ = {
			isa = PBXSourcesBuildPhase;
			buildActionMask = 2147483647;
			files = (
			);
			runOnlyForDeploymentPostprocessing = 0;
		};
		B3295E992EC0B2E800F40393 /* Sources */ = {
			isa = PBXSourcesBuildPhase;
			buildActionMask = 2147483647;
			files = (
			);
			runOnlyForDeploymentPostprocessing = 0;
		};
		B3295EA32EC0B2E800F40393 /* Sources */ = {
			isa = PBXSourcesBuildPhase;
			buildActionMask = 2147483647;
			files = (
			);
			runOnlyForDeploymentPostprocessing = 0;
		};
/* End PBXSourcesBuildPhase section */

/* Begin PBXTargetDependency section */
		B3295E9F2EC0B2E800F40393 /* PBXTargetDependency */ = {
			isa = PBXTargetDependency;
			target = B3295E8F2EC0B2E400F40393 /* Scratcher */;
			targetProxy = B3295E9E2EC0B2E800F40393 /* PBXContainerItemProxy */;
		};
		B3295EA92EC0B2E800F40393 /* PBXTargetDependency */ = {
			isa = PBXTargetDependency;
			target = B3295E8F2EC0B2E400F40393 /* Scratcher */;
			targetProxy = B3295EA82EC0B2E800F40393 /* PBXContainerItemProxy */;
		};
/* End PBXTargetDependency section */

/* Begin XCBuildConfiguration section */
		B3295EAF2EC0B2E800F40393 /* Debug */ = {
			isa = XCBuildConfiguration;
			buildSettings = {
				ALWAYS_SEARCH_USER_PATHS = NO;
				ASSETCATALOG_COMPILER_GENERATE_SWIFT_ASSET_SYMBOL_EXTENSIONS = YES;
				CLANG_ANALYZER_NONNULL = YES;
				CLANG_ANALYZER_NUMBER_OBJECT_CONVERSION = YES_AGGRESSIVE;
				CLANG_CXX_LANGUAGE_STANDARD = "gnu++20";
				CLANG_ENABLE_MODULES = YES;
				CLANG_ENABLE_OBJC_ARC = YES;
				CLANG_ENABLE_OBJC_WEAK = YES;
				CLANG_WARN_BLOCK_CAPTURE_AUTORELEASING = YES;
				CLANG_WARN_BOOL_CONVERSION = YES;
				CLANG_WARN_COMMA = YES;
				CLANG_WARN_CONSTANT_CONVERSION = YES;
				CLANG_WARN_DEPRECATED_OBJC_IMPLEMENTATIONS = YES;
				CLANG_WARN_DIRECT_OBJC_ISA_USAGE = YES_ERROR;
				CLANG_WARN_DOCUMENTATION_COMMENTS = YES;
				CLANG_WARN_EMPTY_BODY = YES;
				CLANG_WARN_ENUM_CONVERSION = YES;
				CLANG_WARN_INFINITE_RECURSION = YES;
				CLANG_WARN_INT_CONVERSION = YES;
				CLANG_WARN_NON_LITERAL_NULL_CONVERSION = YES;
				CLANG_WARN_OBJC_IMPLICIT_RETAIN_SELF = YES;
				CLANG_WARN_OBJC_LITERAL_CONVERSION = YES;
				CLANG_WARN_OBJC_ROOT_CLASS = YES_ERROR;
				CLANG_WARN_QUOTED_INCLUDE_IN_FRAMEWORK_HEADER = YES;
				CLANG_WARN_RANGE_LOOP_ANALYSIS = YES;
				CLANG_WARN_STRICT_PROTOTYPES = YES;
				CLANG_WARN_SUSPICIOUS_MOVE = YES;
				CLANG_WARN_UNGUARDED_AVAILABILITY = YES_AGGRESSIVE;
				CLANG_WARN_UNREACHABLE_CODE = YES;
				CLANG_WARN__DUPLICATE_METHOD_MATCH = YES;
				COPY_PHASE_STRIP = NO;
				DEBUG_INFORMATION_FORMAT = dwarf;
				DEVELOPMENT_TEAM = N82KAU4H24;
				ENABLE_STRICT_OBJC_MSGSEND = YES;
				ENABLE_TESTABILITY = YES;
				ENABLE_USER_SCRIPT_SANDBOXING = YES;
				GCC_C_LANGUAGE_STANDARD = gnu17;
				GCC_DYNAMIC_NO_PIC = NO;
				GCC_NO_COMMON_BLOCKS = YES;
				GCC_OPTIMIZATION_LEVEL = 0;
				GCC_PREPROCESSOR_DEFINITIONS = (
					"DEBUG=1",
					"$(inherited)",
				);
				GCC_WARN_64_TO_32_BIT_CONVERSION = YES;
				GCC_WARN_ABOUT_RETURN_TYPE = YES_ERROR;
				GCC_WARN_UNDECLARED_SELECTOR = YES;
				GCC_WARN_UNINITIALIZED_AUTOS = YES_AGGRESSIVE;
				GCC_WARN_UNUSED_FUNCTION = YES;
				GCC_WARN_UNUSED_VARIABLE = YES;
				IPHONEOS_DEPLOYMENT_TARGET = 26.0;
				LOCALIZATION_PREFERS_STRING_CATALOGS = YES;
				MTL_ENABLE_DEBUG_INFO = INCLUDE_SOURCE;
				MTL_FAST_MATH = YES;
				ONLY_ACTIVE_ARCH = YES;
				SDKROOT = iphoneos;
				SWIFT_ACTIVE_COMPILATION_CONDITIONS = "DEBUG $(inherited)";
				SWIFT_OPTIMIZATION_LEVEL = "-Onone";
			};
			name = Debug;
		};
		B3295EB02EC0B2E800F40393 /* Release */ = {
			isa = XCBuildConfiguration;
			buildSettings = {
				ALWAYS_SEARCH_USER_PATHS = NO;
				ASSETCATALOG_COMPILER_GENERATE_SWIFT_ASSET_SYMBOL_EXTENSIONS = YES;
				CLANG_ANALYZER_NONNULL = YES;
				CLANG_ANALYZER_NUMBER_OBJECT_CONVERSION = YES_AGGRESSIVE;
				CLANG_CXX_LANGUAGE_STANDARD = "gnu++20";
				CLANG_ENABLE_MODULES = YES;
				CLANG_ENABLE_OBJC_ARC = YES;
				CLANG_ENABLE_OBJC_WEAK = YES;
				CLANG_WARN_BLOCK_CAPTURE_AUTORELEASING = YES;
				CLANG_WARN_BOOL_CONVERSION = YES;
				CLANG_WARN_COMMA = YES;
				CLANG_WARN_CONSTANT_CONVERSION = YES;
				CLANG_WARN_DEPRECATED_OBJC_IMPLEMENTATIONS = YES;
				CLANG_WARN_DIRECT_OBJC_ISA_USAGE = YES_ERROR;
				CLANG_WARN_DOCUMENTATION_COMMENTS = YES;
				CLANG_WARN_EMPTY_BODY = YES;
				CLANG_WARN_ENUM_CONVERSION = YES;
				CLANG_WARN_INFINITE_RECURSION = YES;
				CLANG_WARN_INT_CONVERSION = YES;
				CLANG_WARN_NON_LITERAL_NULL_CONVERSION = YES;
				CLANG_WARN_OBJC_IMPLICIT_RETAIN_SELF = YES;
				CLANG_WARN_OBJC_LITERAL_CONVERSION = YES;
				CLANG_WARN_OBJC_ROOT_CLASS = YES_ERROR;
				CLANG_WARN_QUOTED_INCLUDE_IN_FRAMEWORK_HEADER = YES;
				CLANG_WARN_RANGE_LOOP_ANALYSIS = YES;
				CLANG_WARN_STRICT_PROTOTYPES = YES;
				CLANG_WARN_SUSPICIOUS_MOVE = YES;
				CLANG_WARN_UNGUARDED_AVAILABILITY = YES_AGGRESSIVE;
				CLANG_WARN_UNREACHABLE_CODE = YES;
				CLANG_WARN__DUPLICATE_METHOD_MATCH = YES;
				COPY_PHASE_STRIP = NO;
				DEBUG_INFORMATION_FORMAT = "dwarf-with-dsym";
				DEVELOPMENT_TEAM = N82KAU4H24;
				ENABLE_NS_ASSERTIONS = NO;
				ENABLE_STRICT_OBJC_MSGSEND = YES;
				ENABLE_USER_SCRIPT_SANDBOXING = YES;
				GCC_C_LANGUAGE_STANDARD = gnu17;
				GCC_NO_COMMON_BLOCKS = YES;
				GCC_WARN_64_TO_32_BIT_CONVERSION = YES;
				GCC_WARN_ABOUT_RETURN_TYPE = YES_ERROR;
				GCC_WARN_UNDECLARED_SELECTOR = YES;
				GCC_WARN_UNINITIALIZED_AUTOS = YES_AGGRESSIVE;
				GCC_WARN_UNUSED_FUNCTION = YES;
				GCC_WARN_UNUSED_VARIABLE = YES;
				IPHONEOS_DEPLOYMENT_TARGET = 26.0;
				LOCALIZATION_PREFERS_STRING_CATALOGS = YES;
				MTL_ENABLE_DEBUG_INFO = NO;
				MTL_FAST_MATH = YES;
				SDKROOT = iphoneos;
				SWIFT_COMPILATION_MODE = wholemodule;
				VALIDATE_PRODUCT = YES;
			};
			name = Release;
		};
		B3295EB22EC0B2E800F40393 /* Debug */ = {
			isa = XCBuildConfiguration;
			buildSettings = {
				ASSETCATALOG_COMPILER_APPICON_NAME = AppIcon;
				ASSETCATALOG_COMPILER_GLOBAL_ACCENT_COLOR_NAME = AccentColor;
				CODE_SIGN_STYLE = Automatic;
				CURRENT_PROJECT_VERSION = 1;
				DEVELOPMENT_TEAM = N82KAU4H24;
				ENABLE_PREVIEWS = YES;
				GENERATE_INFOPLIST_FILE = YES;
				INFOPLIST_KEY_UIApplicationSceneManifest_Generation = YES;
				INFOPLIST_KEY_UIApplicationSupportsIndirectInputEvents = YES;
				INFOPLIST_KEY_UILaunchScreen_Generation = YES;
				INFOPLIST_KEY_UISupportedInterfaceOrientations_iPad = "UIInterfaceOrientationPortrait UIInterfaceOrientationPortraitUpsideDown UIInterfaceOrientationLandscapeLeft UIInterfaceOrientationLandscapeRight";
				INFOPLIST_KEY_UISupportedInterfaceOrientations_iPhone = "UIInterfaceOrientationPortrait UIInterfaceOrientationLandscapeLeft UIInterfaceOrientationLandscapeRight";
				LD_RUNPATH_SEARCH_PATHS = (
					"$(inherited)",
					"@executable_path/Frameworks",
				);
				MARKETING_VERSION = 1.0;
				PRODUCT_BUNDLE_IDENTIFIER = com.peoplesafe.appstore.Scratcher;
				PRODUCT_NAME = "$(TARGET_NAME)";
				STRING_CATALOG_GENERATE_SYMBOLS = YES;
				SUPPORTED_PLATFORMS = "iphoneos iphonesimulator";
				SUPPORTS_MACCATALYST = NO;
				SUPPORTS_MAC_DESIGNED_FOR_IPHONE_IPAD = NO;
				SUPPORTS_XR_DESIGNED_FOR_IPHONE_IPAD = NO;
				SWIFT_APPROACHABLE_CONCURRENCY = YES;
				SWIFT_DEFAULT_ACTOR_ISOLATION = MainActor;
				SWIFT_EMIT_LOC_STRINGS = YES;
				SWIFT_UPCOMING_FEATURE_MEMBER_IMPORT_VISIBILITY = YES;
				SWIFT_VERSION = 5.0;
				TARGETED_DEVICE_FAMILY = 1;
			};
			name = Debug;
		};
		B3295EB32EC0B2E800F40393 /* Release */ = {
			isa = XCBuildConfiguration;
			buildSettings = {
				ASSETCATALOG_COMPILER_APPICON_NAME = AppIcon;
				ASSETCATALOG_COMPILER_GLOBAL_ACCENT_COLOR_NAME = AccentColor;
				CODE_SIGN_STYLE = Automatic;
				CURRENT_PROJECT_VERSION = 1;
				DEVELOPMENT_TEAM = N82KAU4H24;
				ENABLE_PREVIEWS = YES;
				GENERATE_INFOPLIST_FILE = YES;
				INFOPLIST_KEY_UIApplicationSceneManifest_Generation = YES;
				INFOPLIST_KEY_UIApplicationSupportsIndirectInputEvents = YES;
				INFOPLIST_KEY_UILaunchScreen_Generation = YES;
				INFOPLIST_KEY_UISupportedInterfaceOrientations_iPad = "UIInterfaceOrientationPortrait UIInterfaceOrientationPortraitUpsideDown UIInterfaceOrientationLandscapeLeft UIInterfaceOrientationLandscapeRight";
				INFOPLIST_KEY_UISupportedInterfaceOrientations_iPhone = "UIInterfaceOrientationPortrait UIInterfaceOrientationLandscapeLeft UIInterfaceOrientationLandscapeRight";
				LD_RUNPATH_SEARCH_PATHS = (
					"$(inherited)",
					"@executable_path/Frameworks",
				);
				MARKETING_VERSION = 1.0;
				PRODUCT_BUNDLE_IDENTIFIER = com.peoplesafe.appstore.Scratcher;
				PRODUCT_NAME = "$(TARGET_NAME)";
				STRING_CATALOG_GENERATE_SYMBOLS = YES;
				SUPPORTED_PLATFORMS = "iphoneos iphonesimulator";
				SUPPORTS_MACCATALYST = NO;
				SUPPORTS_MAC_DESIGNED_FOR_IPHONE_IPAD = NO;
				SUPPORTS_XR_DESIGNED_FOR_IPHONE_IPAD = NO;
				SWIFT_APPROACHABLE_CONCURRENCY = YES;
				SWIFT_DEFAULT_ACTOR_ISOLATION = MainActor;
				SWIFT_EMIT_LOC_STRINGS = YES;
				SWIFT_UPCOMING_FEATURE_MEMBER_IMPORT_VISIBILITY = YES;
				SWIFT_VERSION = 5.0;
				TARGETED_DEVICE_FAMILY = 1;
			};
			name = Release;
		};
		B3295EB52EC0B2E800F40393 /* Debug */ = {
			isa = XCBuildConfiguration;
			buildSettings = {
				BUNDLE_LOADER = "$(TEST_HOST)";
				CODE_SIGN_STYLE = Automatic;
				CURRENT_PROJECT_VERSION = 1;
				DEVELOPMENT_TEAM = N82KAU4H24;
				GENERATE_INFOPLIST_FILE = YES;
				IPHONEOS_DEPLOYMENT_TARGET = 26.0;
				MARKETING_VERSION = 1.0;
				PRODUCT_BUNDLE_IDENTIFIER = com.peoplesafe.appstore.ScratcherTests;
				PRODUCT_NAME = "$(TARGET_NAME)";
				STRING_CATALOG_GENERATE_SYMBOLS = NO;
				SWIFT_APPROACHABLE_CONCURRENCY = YES;
				SWIFT_EMIT_LOC_STRINGS = NO;
				SWIFT_UPCOMING_FEATURE_MEMBER_IMPORT_VISIBILITY = YES;
				SWIFT_VERSION = 5.0;
				TARGETED_DEVICE_FAMILY = "1,2";
				TEST_HOST = "$(BUILT_PRODUCTS_DIR)/Scratcher.app/$(BUNDLE_EXECUTABLE_FOLDER_PATH)/Scratcher";
			};
			name = Debug;
		};
		B3295EB62EC0B2E800F40393 /* Release */ = {
			isa = XCBuildConfiguration;
			buildSettings = {
				BUNDLE_LOADER = "$(TEST_HOST)";
				CODE_SIGN_STYLE = Automatic;
				CURRENT_PROJECT_VERSION = 1;
				DEVELOPMENT_TEAM = N82KAU4H24;
				GENERATE_INFOPLIST_FILE = YES;
				IPHONEOS_DEPLOYMENT_TARGET = 26.0;
				MARKETING_VERSION = 1.0;
				PRODUCT_BUNDLE_IDENTIFIER = com.peoplesafe.appstore.ScratcherTests;
				PRODUCT_NAME = "$(TARGET_NAME)";
				STRING_CATALOG_GENERATE_SYMBOLS = NO;
				SWIFT_APPROACHABLE_CONCURRENCY = YES;
				SWIFT_EMIT_LOC_STRINGS = NO;
				SWIFT_UPCOMING_FEATURE_MEMBER_IMPORT_VISIBILITY = YES;
				SWIFT_VERSION = 5.0;
				TARGETED_DEVICE_FAMILY = "1,2";
				TEST_HOST = "$(BUILT_PRODUCTS_DIR)/Scratcher.app/$(BUNDLE_EXECUTABLE_FOLDER_PATH)/Scratcher";
			};
			name = Release;
		};
		B3295EB82EC0B2E800F40393 /* Debug */ = {
			isa = XCBuildConfiguration;
			buildSettings = {
				CODE_SIGN_STYLE = Automatic;
				CURRENT_PROJECT_VERSION = 1;
				DEVELOPMENT_TEAM = N82KAU4H24;
				GENERATE_INFOPLIST_FILE = YES;
				MARKETING_VERSION = 1.0;
				PRODUCT_BUNDLE_IDENTIFIER = com.peoplesafe.appstore.ScratcherUITests;
				PRODUCT_NAME = "$(TARGET_NAME)";
				STRING_CATALOG_GENERATE_SYMBOLS = NO;
				SWIFT_APPROACHABLE_CONCURRENCY = YES;
				SWIFT_EMIT_LOC_STRINGS = NO;
				SWIFT_UPCOMING_FEATURE_MEMBER_IMPORT_VISIBILITY = YES;
				SWIFT_VERSION = 5.0;
				TARGETED_DEVICE_FAMILY = "1,2";
				TEST_TARGET_NAME = Scratcher;
			};
			name = Debug;
		};
		B3295EB92EC0B2E800F40393 /* Release */ = {
			isa = XCBuildConfiguration;
			buildSettings = {
				CODE_SIGN_STYLE = Automatic;
				CURRENT_PROJECT_VERSION = 1;
				DEVELOPMENT_TEAM = N82KAU4H24;
				GENERATE_INFOPLIST_FILE = YES;
				MARKETING_VERSION = 1.0;
				PRODUCT_BUNDLE_IDENTIFIER = com.peoplesafe.appstore.ScratcherUITests;
				PRODUCT_NAME = "$(TARGET_NAME)";
				STRING_CATALOG_GENERATE_SYMBOLS = NO;
				SWIFT_APPROACHABLE_CONCURRENCY = YES;
				SWIFT_EMIT_LOC_STRINGS = NO;
				SWIFT_UPCOMING_FEATURE_MEMBER_IMPORT_VISIBILITY = YES;
				SWIFT_VERSION = 5.0;
				TARGETED_DEVICE_FAMILY = "1,2";
				TEST_TARGET_NAME = Scratcher;
			};
			name = Release;
		};
/* End XCBuildConfiguration section */

/* Begin XCConfigurationList section */
		B3295E8B2EC0B2E400F40393 /* Build configuration list for PBXProject "Scratcher" */ = {
			isa = XCConfigurationList;
			buildConfigurations = (
				B3295EAF2EC0B2E800F40393 /* Debug */,
				B3295EB02EC0B2E800F40393 /* Release */,
			);
			defaultConfigurationIsVisible = 0;
			defaultConfigurationName = Release;
		};
		B3295EB12EC0B2E800F40393 /* Build configuration list for PBXNativeTarget "Scratcher" */ = {
			isa = XCConfigurationList;
			buildConfigurations = (
				B3295EB22EC0B2E800F40393 /* Debug */,
				B3295EB32EC0B2E800F40393 /* Release */,
			);
			defaultConfigurationIsVisible = 0;
			defaultConfigurationName = Release;
		};
		B3295EB42EC0B2E800F40393 /* Build configuration list for PBXNativeTarget "ScratcherTests" */ = {
			isa = XCConfigurationList;
			buildConfigurations = (
				B3295EB52EC0B2E800F40393 /* Debug */,
				B3295EB62EC0B2E800F40393 /* Release */,
			);
			defaultConfigurationIsVisible = 0;
			defaultConfigurationName = Release;
		};
		B3295EB72EC0B2E800F40393 /* Build configuration list for PBXNativeTarget "ScratcherUITests" */ = {
			isa = XCConfigurationList;
			buildConfigurations = (
				B3295EB82EC0B2E800F40393 /* Debug */,
				B3295EB92EC0B2E800F40393 /* Release */,
			);
			defaultConfigurationIsVisible = 0;
			defaultConfigurationName = Release;
		};
/* End XCConfigurationList section */

/* Begin XCRemoteSwiftPackageReference section */
		B357EBE02EC1F36B002E9FED /* XCRemoteSwiftPackageReference "Swinject" */ = {
			isa = XCRemoteSwiftPackageReference;
			repositoryURL = "https://github.com/Swinject/Swinject.git";
			requirement = {
				kind = upToNextMajorVersion;
				minimumVersion = 2.10.0;
			};
		};
/* End XCRemoteSwiftPackageReference section */

/* Begin XCSwiftPackageProductDependency section */
		B3295ED02EC1132C00F40393 /* Logger */ = {
			isa = XCSwiftPackageProductDependency;
			productName = Logger;
		};
		B357EBE12EC1F36B002E9FED /* Swinject */ = {
			isa = XCSwiftPackageProductDependency;
			package = B357EBE02EC1F36B002E9FED /* XCRemoteSwiftPackageReference "Swinject" */;
			productName = Swinject;
		};
		B37A7BC12EC1E667007BC5D8 /* APIClient */ = {
			isa = XCSwiftPackageProductDependency;
			productName = APIClient;
		};
/* End XCSwiftPackageProductDependency section */
	};
	rootObject = B3295E882EC0B2E400F40393 /* Project object */;
}
